
Microsoft Visual Studio Solution File, Format Version 11.00
# Visual Studio 2010
Project("{54435603-DBB4-11D2-8724-00A0C9A8B90C}") = "InstallProject", "InstallProject.vdproj", "{66BABECE-9D4C-46CF-A725-7313CB9CC84C}"
EndProject
Global
	GlobalSection(SolutionConfigurationPlatforms) = preSolution
		Debug|Default = Debug|Default
		Release|Default = Release|Default
	EndGlobalSection
	GlobalSection(ProjectConfigurationPlatforms) = postSolution
		{66BABECE-9D4C-46CF-A725-7313CB9CC84C}.Debug|Default.ActiveCfg = Debug
		{66BABECE-9D4C-46CF-A725-7313CB9CC84C}.Debug|Default.Build.0 = Debug
		{66BABECE-9D4C-46CF-A725-7313CB9CC84C}.Release|Default.ActiveCfg = Release
		{66BABECE-9D4C-46CF-A725-7313CB9CC84C}.Release|Default.Build.0 = Release
	EndGlobalSection
	GlobalSection(SolutionProperties) = preSolution
		HideSolutionNode = FALSE
	EndGlobalSection
EndGlobal
